<?xml version="1.0" encoding="utf-8"?>
<Project ToolsVersion="4.0" xmlns="http://schemas.microsoft.com/developer/msbuild/2003">
  <ItemGroup>
    <Filter Include="Resource File">
      <UniqueIdentifier>{67DA6AB6-F800-4c08-8B7A-83BB121AAD01}</UniqueIdentifier>
      <Extensions>rc;ico;cur;bmp;dlg;rc2;rct;bin;rgs;gif;jpg;jpeg;jpe;resx;tiff;tif;png;wav;mfcribbon-ms</Extensions>
    </Filter>
    <Filter Include="Header File">
      <UniqueIdentifier>{93995380-89BD-4b04-88EB-625FBE52EBFB}</UniqueIdentifier>
      <Extensions>h;hh;hpp;hxx;h++;hm;inl;inc;ipp;xsd</Extensions>
    </Filter>
    <Filter Include="Source File">
      <UniqueIdentifier>{4FC737F1-C7A5-4376-A066-2A32D752A2FF}</UniqueIdentifier>
      <Extensions>cpp;c;cc;cxx;c++;cppm;ixx;def;odl;idl;hpj;bat;asm;asmx</Extensions>
    </Filter>
    <Filter Include="Source File\plugin">
      <UniqueIdentifier>{b1c2d3e4-f5a6-7890-bcde-f12345678901}</UniqueIdentifier>
    </Filter>
    <Filter Include="Header File\plugin">
      <UniqueIdentifier>{c2d3e4f5-a6b7-8901-cdef-123456789012}</UniqueIdentifier>
    </Filter>
    <Filter Include="Source File\server">
      <UniqueIdentifier>{d3e4f5a6-b7c8-9012-defa-234567890123}</UniqueIdentifier>
    </Filter>
    <Filter Include="Header File\server">
      <UniqueIdentifier>{e4f5a6b7-c8d9-0123-efab-345678901234}</UniqueIdentifier>
    </Filter>
    <Filter Include="Source File\resource">
      <UniqueIdentifier>{f5a6b7c8-d9e0-1234-fabc-456789012345}</UniqueIdentifier>
    </Filter>
    <Filter Include="Header File\resource">
      <UniqueIdentifier>{a6b7c8d9-e0f1-2345-abcd-567890123456}</UniqueIdentifier>
    </Filter>
    <Filter Include="Source File\editor">
      <UniqueIdentifier>{b7c8d9e0-f1a2-3456-bcde-678901234567}</UniqueIdentifier>
    </Filter>
    <Filter Include="Header File\editor">
      <UniqueIdentifier>{c8d9e0f1-a2b3-4567-cdef-789012345678}</UniqueIdentifier>
    </Filter>
    <Filter Include="Source File\classes">
      <UniqueIdentifier>{a7a5f48d-e9f5-4e9f-bcb7-dba376fec0b7}</UniqueIdentifier>
    </Filter>
    <Filter Include="Header File\classes">
      <UniqueIdentifier>{7320413c-67d0-48f2-a585-fef6b4d6eadb}</UniqueIdentifier>
    </Filter>
    <Filter Include="Source File\control">
      <UniqueIdentifier>{6513d2eb-11fb-472a-a934-c6356adfa4c4}</UniqueIdentifier>
    </Filter>
    <Filter Include="Header File\control">
      <UniqueIdentifier>{a339f46a-5840-46f5-90f1-03f839f89eee}</UniqueIdentifier>
    </Filter>
    <Filter Include="Source File\utils">
      <UniqueIdentifier>{7ff4ec36-c45e-428b-a54d-379909c2a837}</UniqueIdentifier>
    </Filter>
    <Filter Include="Header File\utils">
      <UniqueIdentifier>{6c8e203a-5d04-4d38-8445-faf4459a7cd1}</UniqueIdentifier>
    </Filter>
  </ItemGroup>
  <ItemGroup>
    <ClInclude Include="src\lte_api.h">
      <Filter>Header File</Filter>
    </ClInclude>
    <ClInclude Include="src\register_types.h">
      <Filter>Header File</Filter>
    </ClInclude>
    <ClInclude Include="src\preload.hpp">
      <Filter>Header File</Filter>
    </ClInclude>
    <ClInclude Include="src\icon_data.hpp">
      <Filter>Resource File</Filter>
    </ClInclude>
    <ClInclude Include="src\keycode_textures.hpp">
      <Filter>Resource File</Filter>
    </ClInclude>
    <ClInclude Include="src\plugin\plugin_base.h">
      <Filter>Header File\plugin</Filter>
    </ClInclude>
    <ClInclude Include="src\plugin\plugin_manager.h">
      <Filter>Header File\plugin</Filter>
    </ClInclude>
    <ClInclude Include="src\server\backup_server.h">
      <Filter>Header File\server</Filter>
    </ClInclude>
    <ClInclude Include="src\server\component_registry.h">
      <Filter>Header File\server</Filter>
    </ClInclude>
    <ClInclude Include="src\server\composition_server.h">
      <Filter>Header File\server</Filter>
    </ClInclude>
    <ClInclude Include="src\server\file_system_server.h">
      <Filter>Header File\server</Filter>
    </ClInclude>
    <ClInclude Include="src\server\hotkey_tip_server.h">
      <Filter>Header File\server</Filter>
    </ClInclude>
    <ClInclude Include="src\server\lte_user.h">
      <Filter>Header File\server</Filter>
    </ClInclude>
    <ClInclude Include="src\server\preferences_manager.h">
      <Filter>Header File\server</Filter>
    </ClInclude>
    <ClInclude Include="src\server\project_manager.h">
      <Filter>Header File\server</Filter>
    </ClInclude>
    <ClInclude Include="src\server\properties_server.h">
      <Filter>Header File\server</Filter>
    </ClInclude>
    <ClInclude Include="src\server\source_monitor_server.h">
      <Filter>Header File\server</Filter>
    </ClInclude>
    <ClInclude Include="src\server\timeline_server.h">
      <Filter>Header File\server</Filter>
    </ClInclude>
    <ClInclude Include="src\server\undo_redo_server.h">
      <Filter>Header File\server</Filter>
    </ClInclude>
    <ClInclude Include="src\server\workspace_manager.h">
      <Filter>Header File\server</Filter>
    </ClInclude>
    <ClInclude Include="src\resource\settings_config.h">
      <Filter>Header File\resource</Filter>
    </ClInclude>
    <ClInclude Include="src\util\chart_helper.h">
      <Filter>Header File\utils</Filter>
    </ClInclude>
    <ClInclude Include="src\util\utils.h">
      <Filter>Header File\utils</Filter>
    </ClInclude>
    <ClInclude Include="src\util\zip_helper.h">
      <Filter>Header File\utils</Filter>
    </ClInclude>
    <ClInclude Include="src\classes\base_random.h">
      <Filter>Header File\classes</Filter>
    </ClInclude>
    <ClInclude Include="src\classes\build_in_random.h">
      <Filter>Header File\classes</Filter>
    </ClInclude>
    <ClInclude Include="src\classes\crypto_random.h">
      <Filter>Header File\classes</Filter>
    </ClInclude>
    <ClInclude Include="src\classes\preference_config_handle.h">
      <Filter>Header File\classes</Filter>
    </ClInclude>
    <ClInclude Include="src\classes\preference_config_schema.h">
      <Filter>Header File\classes</Filter>
    </ClInclude>
    <ClInclude Include="src\controls\auto_adjust_popup_menu.h">
      <Filter>Header File\control</Filter>
    </ClInclude>
    <ClInclude Include="src\controls\editor_panel_container.h">
      <Filter>Header File\control</Filter>
    </ClInclude>
    <ClInclude Include="src\controls\panel_option_button.h">
      <Filter>Header File\control</Filter>
    </ClInclude>
    <ClInclude Include="src\controls\time_scrubber.h">
      <Filter>Header File\control</Filter>
    </ClInclude>
    <ClInclude Include="src\editor\note_skin_editor_plugin.h">
      <Filter>Header File\editor</Filter>
    </ClInclude>
    <ClInclude Include="src\editor\note_skin_importer.h">
      <Filter>Header File\editor</Filter>
    </ClInclude>
    <ClInclude Include="src\controls\confirm_dialog.h">
      <Filter>Header File\control</Filter>
    </ClInclude>
  </ItemGroup>
  <ItemGroup>
    <ClCompile Include="src\register_types.cpp">
      <Filter>Source File</Filter>
    </ClCompile>
    <ClCompile Include="src\lte_api.cpp">
      <Filter>Source File</Filter>
    </ClCompile>
    <ClCompile Include="src\plugin\plugin_base.cpp">
      <Filter>Source File\plugin</Filter>
    </ClCompile>
    <ClCompile Include="src\plugin\plugin_manager.cpp">
      <Filter>Source File\plugin</Filter>
    </ClCompile>
    <ClCompile Include="src\server\backup_server.cpp">
      <Filter>Source File\server</Filter>
    </ClCompile>
    <ClCompile Include="src\server\component_registry.cpp">
      <Filter>Source File\server</Filter>
    </ClCompile>
    <ClCompile Include="src\server\composition_server.cpp">
      <Filter>Source File\server</Filter>
    </ClCompile>
    <ClCompile Include="src\server\file_system_server.cpp">
      <Filter>Source File\server</Filter>
    </ClCompile>
    <ClCompile Include="src\server\hotkey_tip_server.cpp">
      <Filter>Source File\server</Filter>
    </ClCompile>
    <ClCompile Include="src\server\lte_user.cpp">
      <Filter>Source File\server</Filter>
    </ClCompile>
    <ClCompile Include="src\server\preferences_manager.cpp">
      <Filter>Source File\server</Filter>
    </ClCompile>
    <ClCompile Include="src\server\project_manager.cpp">
      <Filter>Source File\server</Filter>
    </ClCompile>
    <ClCompile Include="src\server\properties_server.cpp">
      <Filter>Source File\server</Filter>
    </ClCompile>
    <ClCompile Include="src\server\source_monitor_server.cpp">
      <Filter>Source File\server</Filter>
    </ClCompile>
    <ClCompile Include="src\server\timeline_server.cpp">
      <Filter>Source File\server</Filter>
    </ClCompile>
    <ClCompile Include="src\server\undo_redo_server.cpp">
      <Filter>Source File\server</Filter>
    </ClCompile>
    <ClCompile Include="src\server\workspace_manager.cpp">
      <Filter>Source File\server</Filter>
    </ClCompile>
    <ClCompile Include="src\resource\settings_config.cpp">
      <Filter>Source File\resource</Filter>
    </ClCompile>
    <ClCompile Include="src\util\chart_helper.cpp">
      <Filter>Source File\utils</Filter>
    </ClCompile>
    <ClCompile Include="src\util\utils.cpp">
      <Filter>Source File\utils</Filter>
    </ClCompile>
    <ClCompile Include="src\util\zip_helper.cpp">
      <Filter>Source File\utils</Filter>
    </ClCompile>
    <ClCompile Include="src\classes\base_random.cpp">
      <Filter>Source File\classes</Filter>
    </ClCompile>
    <ClCompile Include="src\classes\build_in_random.cpp">
      <Filter>Source File\classes</Filter>
    </ClCompile>
    <ClCompile Include="src\classes\crypto_random.cpp">
      <Filter>Source File\classes</Filter>
    </ClCompile>
    <ClCompile Include="src\classes\preference_config_handle.cpp">
      <Filter>Source File\classes</Filter>
    </ClCompile>
    <ClCompile Include="src\classes\preference_config_schema.cpp">
      <Filter>Source File\classes</Filter>
    </ClCompile>
    <ClCompile Include="src\controls\auto_adjust_popup_menu.cpp">
      <Filter>Source File\control</Filter>
    </ClCompile>
    <ClCompile Include="src\controls\editor_panel_container.cpp">
      <Filter>Source File\control</Filter>
    </ClCompile>
    <ClCompile Include="src\controls\panel_option_button.cpp">
      <Filter>Source File\control</Filter>
    </ClCompile>
    <ClCompile Include="src\controls\time_scrubber.cpp">
      <Filter>Source File\control</Filter>
    </ClCompile>
    <ClCompile Include="src\editor\note_skin_editor_plugin.cpp">
      <Filter>Source File\editor</Filter>
    </ClCompile>
    <ClCompile Include="src\editor\note_skin_importer.cpp">
      <Filter>Source File\editor</Filter>
    </ClCompile>
    <ClCompile Include="src\controls\confirm_dialog.cpp">
      <Filter>Source File\control</Filter>
    </ClCompile>
  </ItemGroup>
</Project>